
Microsoft Visual Studio Solution File, Format Version 12.00
# Visual Studio 2013
VisualStudioVersion = 12.0.21005.1
MinimumVisualStudioVersion = 10.0.40219.1
Project("{FAE04EC0-301F-11D3-BF4B-00C04F79EFBC}") = "CuaHangVLXD", "CuaHangVLXD\CuaHangVLXD.csproj", "{AEFEF4C8-596A-47D4-9275-125D3F942514}"
EndProject
Project("{FAE04EC0-301F-11D3-BF4B-00C04F79EFBC}") = "UnitTesting", "UnitTesting\UnitTesting.csproj", "{2137BD1C-AB1B-433A-B15B-5F6222583960}"
EndProject
Global
	GlobalSection(SolutionConfigurationPlatforms) = preSolution
		Debug|Any CPU = Debug|Any CPU
		Release|Any CPU = Release|Any CPU
	EndGlobalSection
	GlobalSection(ProjectConfigurationPlatforms) = postSolution
		{AEFEF4C8-596A-47D4-9275-125D3F942514}.Debug|Any CPU.ActiveCfg = Debug|Any CPU
		{AEFEF4C8-596A-47D4-9275-125D3F942514}.Debug|Any CPU.Build.0 = Debug|Any CPU
		{AEFEF4C8-596A-47D4-9275-125D3F942514}.Release|Any CPU.ActiveCfg = Release|Any CPU
		{AEFEF4C8-596A-47D4-9275-125D3F942514}.Release|Any CPU.Build.0 = Release|Any CPU
		{2137BD1C-AB1B-433A-B15B-5F6222583960}.Debug|Any CPU.ActiveCfg = Debug|Any CPU
		{2137BD1C-AB1B-433A-B15B-5F6222583960}.Debug|Any CPU.Build.0 = Debug|Any CPU
		{2137BD1C-AB1B-433A-B15B-5F6222583960}.Release|Any CPU.ActiveCfg = Release|Any CPU
		{2137BD1C-AB1B-433A-B15B-5F6222583960}.Release|Any CPU.Build.0 = Release|Any CPU
	EndGlobalSection
	GlobalSection(SolutionProperties) = preSolution
		HideSolutionNode = FALSE
	EndGlobalSection
EndGlobal
